
Microsoft Visual Studio Solution File, Format Version 12.00
# Visual Studio 2013
VisualStudioVersion = 12.0.30723.0
MinimumVisualStudioVersion = 10.0.40219.1
Project("{FAE04EC0-301F-11D3-BF4B-00C04F79EFBC}") = "MyLittleAdmin", "MyLittleAdmin\MyLittleAdmin.csproj", "{28783745-91F4-4636-80B1-0FA32500E9F2}"
EndProject
Project("{FAE04EC0-301F-11D3-BF4B-00C04F79EFBC}") = "MyLittleAdmin.Tests", "MyLittleAdmin.Tests\MyLittleAdmin.Tests.csproj", "{E1C149FD-DE52-454D-B658-9D77A11AEB41}"
EndProject
Global
	GlobalSection(SolutionConfigurationPlatforms) = preSolution
		Debug|Any CPU = Debug|Any CPU
		Release|Any CPU = Release|Any CPU
	EndGlobalSection
	GlobalSection(ProjectConfigurationPlatforms) = postSolution
		{28783745-91F4-4636-80B1-0FA32500E9F2}.Debug|Any CPU.ActiveCfg = Debug|Any CPU
		{28783745-91F4-4636-80B1-0FA32500E9F2}.Debug|Any CPU.Build.0 = Debug|Any CPU
		{28783745-91F4-4636-80B1-0FA32500E9F2}.Release|Any CPU.ActiveCfg = Release|Any CPU
		{28783745-91F4-4636-80B1-0FA32500E9F2}.Release|Any CPU.Build.0 = Release|Any CPU
		{E1C149FD-DE52-454D-B658-9D77A11AEB41}.Debug|Any CPU.ActiveCfg = Debug|Any CPU
		{E1C149FD-DE52-454D-B658-9D77A11AEB41}.Debug|Any CPU.Build.0 = Debug|Any CPU
		{E1C149FD-DE52-454D-B658-9D77A11AEB41}.Release|Any CPU.ActiveCfg = Release|Any CPU
		{E1C149FD-DE52-454D-B658-9D77A11AEB41}.Release|Any CPU.Build.0 = Release|Any CPU
	EndGlobalSection
	GlobalSection(SolutionProperties) = preSolution
		HideSolutionNode = FALSE
	EndGlobalSection
EndGlobal
